
Microsoft Visual Studio Solution File, Format Version 12.00
# Visual Studio Version 16
VisualStudioVersion = 16.0.31005.135
MinimumVisualStudioVersion = 10.0.40219.1
Project("{FAE04EC0-301F-11D3-BF4B-00C04F79EFBC}") = "Rocca Janula QR.Android", "Rocca Janula QR\Rocca Janula QR.Android\Rocca Janula QR.Android.csproj", "{CDCD4CA1-99A1-4347-BEAA-6D5A32170DE2}"
EndProject
Project("{FAE04EC0-301F-11D3-BF4B-00C04F79EFBC}") = "Rocca Janula QR.iOS", "Rocca Janula QR\Rocca Janula QR.iOS\Rocca Janula QR.iOS.csproj", "{D9BF4CC1-D930-4620-A30E-62180D50CF9C}"
EndProject
Project("{FAE04EC0-301F-11D3-BF4B-00C04F79EFBC}") = "Rocca Janula QR", "Rocca Janula QR\Rocca Janula QR\Rocca Janula QR.csproj", "{592F2307-26D3-46CC-B3F8-514A3ED2543A}"
EndProject
Global
	GlobalSection(SolutionConfigurationPlatforms) = preSolution
		Debug|Any CPU = Debug|Any CPU
		Debug|iPhone = Debug|iPhone
		Debug|iPhoneSimulator = Debug|iPhoneSimulator
		Release|Any CPU = Release|Any CPU
		Release|iPhone = Release|iPhone
		Release|iPhoneSimulator = Release|iPhoneSimulator
	EndGlobalSection
	GlobalSection(ProjectConfigurationPlatforms) = postSolution
		{CDCD4CA1-99A1-4347-BEAA-6D5A32170DE2}.Debug|Any CPU.ActiveCfg = Debug|Any CPU
		{CDCD4CA1-99A1-4347-BEAA-6D5A32170DE2}.Debug|Any CPU.Build.0 = Debug|Any CPU
		{CDCD4CA1-99A1-4347-BEAA-6D5A32170DE2}.Debug|Any CPU.Deploy.0 = Debug|Any CPU
		{CDCD4CA1-99A1-4347-BEAA-6D5A32170DE2}.Debug|iPhone.ActiveCfg = Debug|Any CPU
		{CDCD4CA1-99A1-4347-BEAA-6D5A32170DE2}.Debug|iPhone.Build.0 = Debug|Any CPU
		{CDCD4CA1-99A1-4347-BEAA-6D5A32170DE2}.Debug|iPhone.Deploy.0 = Debug|Any CPU
		{CDCD4CA1-99A1-4347-BEAA-6D5A32170DE2}.Debug|iPhoneSimulator.ActiveCfg = Debug|Any CPU
		{CDCD4CA1-99A1-4347-BEAA-6D5A32170DE2}.Debug|iPhoneSimulator.Build.0 = Debug|Any CPU
		{CDCD4CA1-99A1-4347-BEAA-6D5A32170DE2}.Debug|iPhoneSimulator.Deploy.0 = Debug|Any CPU
		{CDCD4CA1-99A1-4347-BEAA-6D5A32170DE2}.Release|Any CPU.ActiveCfg = Release|Any CPU
		{CDCD4CA1-99A1-4347-BEAA-6D5A32170DE2}.Release|Any CPU.Build.0 = Release|Any CPU
		{CDCD4CA1-99A1-4347-BEAA-6D5A32170DE2}.Release|Any CPU.Deploy.0 = Release|Any CPU
		{CDCD4CA1-99A1-4347-BEAA-6D5A32170DE2}.Release|iPhone.ActiveCfg = Release|Any CPU
		{CDCD4CA1-99A1-4347-BEAA-6D5A32170DE2}.Release|iPhone.Build.0 = Release|Any CPU
		{CDCD4CA1-99A1-4347-BEAA-6D5A32170DE2}.Release|iPhone.Deploy.0 = Release|Any CPU
		{CDCD4CA1-99A1-4347-BEAA-6D5A32170DE2}.Release|iPhoneSimulator.ActiveCfg = Release|Any CPU
		{CDCD4CA1-99A1-4347-BEAA-6D5A32170DE2}.Release|iPhoneSimulator.Build.0 = Release|Any CPU
		{CDCD4CA1-99A1-4347-BEAA-6D5A32170DE2}.Release|iPhoneSimulator.Deploy.0 = Release|Any CPU
		{D9BF4CC1-D930-4620-A30E-62180D50CF9C}.Debug|Any CPU.ActiveCfg = Debug|iPhone
		{D9BF4CC1-D930-4620-A30E-62180D50CF9C}.Debug|Any CPU.Build.0 = Debug|iPhone
		{D9BF4CC1-D930-4620-A30E-62180D50CF9C}.Debug|Any CPU.Deploy.0 = Debug|iPhone
		{D9BF4CC1-D930-4620-A30E-62180D50CF9C}.Debug|iPhone.ActiveCfg = Debug|iPhone
		{D9BF4CC1-D930-4620-A30E-62180D50CF9C}.Debug|iPhone.Build.0 = Debug|iPhone
		{D9BF4CC1-D930-4620-A30E-62180D50CF9C}.Debug|iPhone.Deploy.0 = Debug|iPhone
		{D9BF4CC1-D930-4620-A30E-62180D50CF9C}.Debug|iPhoneSimulator.ActiveCfg = Debug|iPhoneSimulator
		{D9BF4CC1-D930-4620-A30E-62180D50CF9C}.Debug|iPhoneSimulator.Build.0 = Debug|iPhoneSimulator
		{D9BF4CC1-D930-4620-A30E-62180D50CF9C}.Debug|iPhoneSimulator.Deploy.0 = Debug|iPhoneSimulator
		{D9BF4CC1-D930-4620-A30E-62180D50CF9C}.Release|Any CPU.ActiveCfg = Release|iPhoneSimulator
		{D9BF4CC1-D930-4620-A30E-62180D50CF9C}.Release|Any CPU.Build.0 = Release|iPhoneSimulator
		{D9BF4CC1-D930-4620-A30E-62180D50CF9C}.Release|Any CPU.Deploy.0 = Release|iPhoneSimulator
		{D9BF4CC1-D930-4620-A30E-62180D50CF9C}.Release|iPhone.ActiveCfg = Release|iPhone
		{D9BF4CC1-D930-4620-A30E-62180D50CF9C}.Release|iPhone.Build.0 = Release|iPhone
		{D9BF4CC1-D930-4620-A30E-62180D50CF9C}.Release|iPhone.Deploy.0 = Release|iPhone
		{D9BF4CC1-D930-4620-A30E-62180D50CF9C}.Release|iPhoneSimulator.ActiveCfg = Release|iPhoneSimulator
		{D9BF4CC1-D930-4620-A30E-62180D50CF9C}.Release|iPhoneSimulator.Build.0 = Release|iPhoneSimulator
		{D9BF4CC1-D930-4620-A30E-62180D50CF9C}.Release|iPhoneSimulator.Deploy.0 = Release|iPhoneSimulator
		{592F2307-26D3-46CC-B3F8-514A3ED2543A}.Debug|Any CPU.ActiveCfg = Debug|Any CPU
		{592F2307-26D3-46CC-B3F8-514A3ED2543A}.Debug|Any CPU.Build.0 = Debug|Any CPU
		{592F2307-26D3-46CC-B3F8-514A3ED2543A}.Debug|Any CPU.Deploy.0 = Debug|Any CPU
		{592F2307-26D3-46CC-B3F8-514A3ED2543A}.Debug|iPhone.ActiveCfg = Debug|Any CPU
		{592F2307-26D3-46CC-B3F8-514A3ED2543A}.Debug|iPhone.Build.0 = Debug|Any CPU
		{592F2307-26D3-46CC-B3F8-514A3ED2543A}.Debug|iPhone.Deploy.0 = Debug|Any CPU
		{592F2307-26D3-46CC-B3F8-514A3ED2543A}.Debug|iPhoneSimulator.ActiveCfg = Debug|Any CPU
		{592F2307-26D3-46CC-B3F8-514A3ED2543A}.Debug|iPhoneSimulator.Build.0 = Debug|Any CPU
		{592F2307-26D3-46CC-B3F8-514A3ED2543A}.Debug|iPhoneSimulator.Deploy.0 = Debug|Any CPU
		{592F2307-26D3-46CC-B3F8-514A3ED2543A}.Release|Any CPU.ActiveCfg = Release|Any CPU
		{592F2307-26D3-46CC-B3F8-514A3ED2543A}.Release|Any CPU.Build.0 = Release|Any CPU
		{592F2307-26D3-46CC-B3F8-514A3ED2543A}.Release|Any CPU.Deploy.0 = Release|Any CPU
		{592F2307-26D3-46CC-B3F8-514A3ED2543A}.Release|iPhone.ActiveCfg = Release|Any CPU
		{592F2307-26D3-46CC-B3F8-514A3ED2543A}.Release|iPhone.Build.0 = Release|Any CPU
		{592F2307-26D3-46CC-B3F8-514A3ED2543A}.Release|iPhone.Deploy.0 = Release|Any CPU
		{592F2307-26D3-46CC-B3F8-514A3ED2543A}.Release|iPhoneSimulator.ActiveCfg = Release|Any CPU
		{592F2307-26D3-46CC-B3F8-514A3ED2543A}.Release|iPhoneSimulator.Build.0 = Release|Any CPU
		{592F2307-26D3-46CC-B3F8-514A3ED2543A}.Release|iPhoneSimulator.Deploy.0 = Release|Any CPU
	EndGlobalSection
	GlobalSection(SolutionProperties) = preSolution
		HideSolutionNode = FALSE
	EndGlobalSection
	GlobalSection(ExtensibilityGlobals) = postSolution
		SolutionGuid = {A138EDAC-DA99-4EA3-B4DB-BE2809FFCD0D}
	EndGlobalSection
EndGlobal
